// !$*UTF8*$!
{
	archiveVersion = 1;
	classes = {
	};
	objectVersion = 45;
	objects = {

/* Begin PBXBuildFile section */
		C1C4799B12FF870400F3F1D6 /* OpenGL.framework in Frameworks */ = {isa = PBXBuildFile; fileRef = C1C4799A12FF870400F3F1D6 /* OpenGL.framework */; };
		C1C479B112FF871300F3F1D6 /* GLUT.framework in Frameworks */ = {isa = PBXBuildFile; fileRef = C1C479B012FF871300F3F1D6 /* GLUT.framework */; };
		C1C479DA12FF875E00F3F1D6 /* main.cpp in Sources */ = {isa = PBXBuildFile; fileRef = C1C479D912FF875E00F3F1D6 /* main.cpp */; };
		C1DC8E7712FF9D4A00279645 /* smoke2D.cpp in Sources */ = {isa = PBXBuildFile; fileRef = C1DC8E7512FF9D4A00279645 /* smoke2D.cpp */; };
		C1DC96EF12FFFDF000279645 /* solver.cpp in Sources */ = {isa = PBXBuildFile; fileRef = C1DC96ED12FFFDF000279645 /* solver.cpp */; };
		C1DC97151300031200279645 /* utility.cpp in Sources */ = {isa = PBXBuildFile; fileRef = C1DC97141300031200279645 /* utility.cpp */; };
		C1DC97A2130008E200279645 /* advect.cpp in Sources */ = {isa = PBXBuildFile; fileRef = C1DC97A1130008E200279645 /* advect.cpp */; };
/* End PBXBuildFile section */

/* Begin PBXCopyFilesBuildPhase section */
		8DD76FAF0486AB0100D96B5E /* CopyFiles */ = {
			isa = PBXCopyFilesBuildPhase;
			buildActionMask = 8;
			dstPath = /usr/share/man/man1/;
			dstSubfolderSpec = 0;
			files = (
			);
			runOnlyForDeploymentPostprocessing = 1;
		};
/* End PBXCopyFilesBuildPhase section */

/* Begin PBXFileReference section */
		8DD76FB20486AB0100D96B5E /* smoke */ = {isa = PBXFileReference; explicitFileType = "compiled.mach-o.executable"; includeInIndex = 0; path = smoke; sourceTree = BUILT_PRODUCTS_DIR; };
		C1C4799A12FF870400F3F1D6 /* OpenGL.framework */ = {isa = PBXFileReference; lastKnownFileType = wrapper.framework; name = OpenGL.framework; path = System/Library/Frameworks/OpenGL.framework; sourceTree = SDKROOT; };
		C1C479B012FF871300F3F1D6 /* GLUT.framework */ = {isa = PBXFileReference; lastKnownFileType = wrapper.framework; name = GLUT.framework; path = System/Library/Frameworks/GLUT.framework; sourceTree = SDKROOT; };
		C1C479D912FF875E00F3F1D6 /* main.cpp */ = {isa = PBXFileReference; fileEncoding = 4; lastKnownFileType = sourcecode.cpp.cpp; name = main.cpp; path = src/main.cpp; sourceTree = "<group>"; };
		C1DC8E7512FF9D4A00279645 /* smoke2D.cpp */ = {isa = PBXFileReference; fileEncoding = 4; lastKnownFileType = sourcecode.cpp.cpp; name = smoke2D.cpp; path = src/smoke2D.cpp; sourceTree = "<group>"; };
		C1DC8E7612FF9D4A00279645 /* smoke2D.h */ = {isa = PBXFileReference; fileEncoding = 4; lastKnownFileType = sourcecode.c.h; name = smoke2D.h; path = src/smoke2D.h; sourceTree = "<group>"; };
		C1DC96ED12FFFDF000279645 /* solver.cpp */ = {isa = PBXFileReference; fileEncoding = 4; lastKnownFileType = sourcecode.cpp.cpp; name = solver.cpp; path = src/solver.cpp; sourceTree = "<group>"; };
		C1DC96EE12FFFDF000279645 /* solver.h */ = {isa = PBXFileReference; fileEncoding = 4; lastKnownFileType = sourcecode.c.h; name = solver.h; path = src/solver.h; sourceTree = "<group>"; };
		C1DC97131300031200279645 /* utility.h */ = {isa = PBXFileReference; fileEncoding = 4; lastKnownFileType = sourcecode.c.h; name = utility.h; path = src/utility.h; sourceTree = "<group>"; };
		C1DC97141300031200279645 /* utility.cpp */ = {isa = PBXFileReference; fileEncoding = 4; lastKnownFileType = sourcecode.cpp.cpp; name = utility.cpp; path = src/utility.cpp; sourceTree = "<group>"; };
		C1DC97A0130008E200279645 /* advect.h */ = {isa = PBXFileReference; fileEncoding = 4; lastKnownFileType = sourcecode.c.h; name = advect.h; path = src/advect.h; sourceTree = "<group>"; };
		C1DC97A1130008E200279645 /* advect.cpp */ = {isa = PBXFileReference; fileEncoding = 4; lastKnownFileType = sourcecode.cpp.cpp; name = advect.cpp; path = src/advect.cpp; sourceTree = "<group>"; };
/* End PBXFileReference section */

/* Begin PBXFrameworksBuildPhase section */
		8DD76FAD0486AB0100D96B5E /* Frameworks */ = {
			isa = PBXFrameworksBuildPhase;
			buildActionMask = 2147483647;
			files = (
				C1C4799B12FF870400F3F1D6 /* OpenGL.framework in Frameworks */,
				C1C479B112FF871300F3F1D6 /* GLUT.framework in Frameworks */,
			);
			runOnlyForDeploymentPostprocessing = 0;
		};
/* End PBXFrameworksBuildPhase section */

/* Begin PBXGroup section */
		08FB7794FE84155DC02AAC07 /* smoke */ = {
			isa = PBXGroup;
			children = (
				08FB7795FE84155DC02AAC07 /* Source */,
				1AB674ADFE9D54B511CA2CBB /* Products */,
				C1C4799A12FF870400F3F1D6 /* OpenGL.framework */,
				C1C479B012FF871300F3F1D6 /* GLUT.framework */,
			);
			name = smoke;
			sourceTree = "<group>";
		};
		08FB7795FE84155DC02AAC07 /* Source */ = {
			isa = PBXGroup;
			children = (
				C1C479D912FF875E00F3F1D6 /* main.cpp */,
				C1DC8E7612FF9D4A00279645 /* smoke2D.h */,
				C1DC8E7512FF9D4A00279645 /* smoke2D.cpp */,
				C1DC96EE12FFFDF000279645 /* solver.h */,
				C1DC96ED12FFFDF000279645 /* solver.cpp */,
				C1DC97A0130008E200279645 /* advect.h */,
				C1DC97A1130008E200279645 /* advect.cpp */,
				C1DC97131300031200279645 /* utility.h */,
				C1DC97141300031200279645 /* utility.cpp */,
			);
			name = Source;
			sourceTree = "<group>";
		};
		1AB674ADFE9D54B511CA2CBB /* Products */ = {
			isa = PBXGroup;
			children = (
				8DD76FB20486AB0100D96B5E /* smoke */,
			);
			name = Products;
			sourceTree = "<group>";
		};
/* End PBXGroup section */

/* Begin PBXNativeTarget section */
		8DD76FA90486AB0100D96B5E /* smoke */ = {
			isa = PBXNativeTarget;
			buildConfigurationList = 1DEB928508733DD80010E9CD /* Build configuration list for PBXNativeTarget "smoke" */;
			buildPhases = (
				8DD76FAB0486AB0100D96B5E /* Sources */,
				8DD76FAD0486AB0100D96B5E /* Frameworks */,
				8DD76FAF0486AB0100D96B5E /* CopyFiles */,
			);
			buildRules = (
			);
			dependencies = (
			);
			name = smoke;
			productInstallPath = "$(HOME)/bin";
			productName = smoke;
			productReference = 8DD76FB20486AB0100D96B5E /* smoke */;
			productType = "com.apple.product-type.tool";
		};
/* End PBXNativeTarget section */

/* Begin PBXProject section */
		08FB7793FE84155DC02AAC07 /* Project object */ = {
			isa = PBXProject;
			buildConfigurationList = 1DEB928908733DD80010E9CD /* Build configuration list for PBXProject "smoke" */;
			compatibilityVersion = "Xcode 3.1";
			developmentRegion = English;
			hasScannedForEncodings = 1;
			knownRegions = (
				English,
				Japanese,
				French,
				German,
			);
			mainGroup = 08FB7794FE84155DC02AAC07 /* smoke */;
			projectDirPath = "";
			projectRoot = "";
			targets = (
				8DD76FA90486AB0100D96B5E /* smoke */,
			);
		};
/* End PBXProject section */

/* Begin PBXSourcesBuildPhase section */
		8DD76FAB0486AB0100D96B5E /* Sources */ = {
			isa = PBXSourcesBuildPhase;
			buildActionMask = 2147483647;
			files = (
				C1C479DA12FF875E00F3F1D6 /* main.cpp in Sources */,
				C1DC8E7712FF9D4A00279645 /* smoke2D.cpp in Sources */,
				C1DC96EF12FFFDF000279645 /* solver.cpp in Sources */,
				C1DC97151300031200279645 /* utility.cpp in Sources */,
				C1DC97A2130008E200279645 /* advect.cpp in Sources */,
			);
			runOnlyForDeploymentPostprocessing = 0;
		};
/* End PBXSourcesBuildPhase section */

/* Begin XCBuildConfiguration section */
		1DEB928608733DD80010E9CD /* Debug */ = {
			isa = XCBuildConfiguration;
			buildSettings = {
				ALWAYS_SEARCH_USER_PATHS = NO;
				COPY_PHASE_STRIP = NO;
				GCC_DYNAMIC_NO_PIC = NO;
				GCC_ENABLE_FIX_AND_CONTINUE = YES;
				GCC_MODEL_TUNING = G5;
				GCC_OPTIMIZATION_LEVEL = 0;
				INSTALL_PATH = /usr/local/bin;
				PRODUCT_NAME = smoke;
			};
			name = Debug;
		};
		1DEB928708733DD80010E9CD /* Release */ = {
			isa = XCBuildConfiguration;
			buildSettings = {
				ALWAYS_SEARCH_USER_PATHS = NO;
				DEBUG_INFORMATION_FORMAT = "dwarf-with-dsym";
				GCC_MODEL_TUNING = G5;
				INSTALL_PATH = /usr/local/bin;
				PRODUCT_NAME = smoke;
			};
			name = Release;
		};
		1DEB928A08733DD80010E9CD /* Debug */ = {
			isa = XCBuildConfiguration;
			buildSettings = {
				ARCHS = "$(ARCHS_STANDARD_32_64_BIT)";
				GCC_C_LANGUAGE_STANDARD = gnu99;
				GCC_OPTIMIZATION_LEVEL = 0;
				GCC_VERSION = "";
				GCC_WARN_ABOUT_RETURN_TYPE = YES;
				GCC_WARN_UNUSED_VARIABLE = YES;
				ONLY_ACTIVE_ARCH = YES;
				PREBINDING = NO;
				SDKROOT = macosx10.6;
			};
			name = Debug;
		};
		1DEB928B08733DD80010E9CD /* Release */ = {
			isa = XCBuildConfiguration;
			buildSettings = {
				ARCHS = "$(ARCHS_STANDARD_32_64_BIT)";
				GCC_C_LANGUAGE_STANDARD = gnu99;
				GCC_VERSION = "";
				GCC_WARN_ABOUT_RETURN_TYPE = YES;
				GCC_WARN_UNUSED_VARIABLE = YES;
				PREBINDING = NO;
				SDKROOT = macosx10.6;
			};
			name = Release;
		};
/* End XCBuildConfiguration section */

/* Begin XCConfigurationList section */
		1DEB928508733DD80010E9CD /* Build configuration list for PBXNativeTarget "smoke" */ = {
			isa = XCConfigurationList;
			buildConfigurations = (
				1DEB928608733DD80010E9CD /* Debug */,
				1DEB928708733DD80010E9CD /* Release */,
			);
			defaultConfigurationIsVisible = 0;
			defaultConfigurationName = Release;
		};
		1DEB928908733DD80010E9CD /* Build configuration list for PBXProject "smoke" */ = {
			isa = XCConfigurationList;
			buildConfigurations = (
				1DEB928A08733DD80010E9CD /* Debug */,
				1DEB928B08733DD80010E9CD /* Release */,
			);
			defaultConfigurationIsVisible = 0;
			defaultConfigurationName = Release;
		};
/* End XCConfigurationList section */
	};
	rootObject = 08FB7793FE84155DC02AAC07 /* Project object */;
}
